// !$*UTF8*$!
{
	archiveVersion = 1;
	classes = {
	};
	objectVersion = 77;
	objects = {

/* Begin PBXBuildFile section */
		7F665BCB2F5123D80046995E /* Auth in Frameworks */ = {isa = PBXBuildFile; productRef = 7F665BCA2F5123D80046995E /* Auth */; };
		7F665BCD2F5123D90046995E /* Functions in Frameworks */ = {isa = PBXBuildFile; productRef = 7F665BCC2F5123D90046995E /* Functions */; };
		7F665BCF2F5123D90046995E /* PostgREST in Frameworks */ = {isa = PBXBuildFile; productRef = 7F665BCE2F5123D90046995E /* PostgREST */; };
		7F665BD12F5123D90046995E /* Realtime in Frameworks */ = {isa = PBXBuildFile; productRef = 7F665BD02F5123D90046995E /* Realtime */; };
		7F665BD32F5123D90046995E /* Storage in Frameworks */ = {isa = PBXBuildFile; productRef = 7F665BD22F5123D90046995E /* Storage */; };
		7F665BD52F5123D90046995E /* Supabase in Frameworks */ = {isa = PBXBuildFile; productRef = 7F665BD42F5123D90046995E /* Supabase */; };
/* End PBXBuildFile section */

/* Begin PBXContainerItemProxy section */
		7FA5716E2F511CD700FFA0F7 /* PBXContainerItemProxy */ = {
			isa = PBXContainerItemProxy;
			containerPortal = 7FA571582F511CD500FFA0F7 /* Project object */;
			proxyType = 1;
			remoteGlobalIDString = 7FA5715F2F511CD500FFA0F7;
			remoteInfo = SquallywoodNew;
		};
		7FA571782F511CD700FFA0F7 /* PBXContainerItemProxy */ = {
			isa = PBXContainerItemProxy;
			containerPortal = 7FA571582F511CD500FFA0F7 /* Project object */;
			proxyType = 1;
			remoteGlobalIDString = 7FA5715F2F511CD500FFA0F7;
			remoteInfo = SquallywoodNew;
		};
/* End PBXContainerItemProxy section */

/* Begin PBXFileReference section */
		7FA571602F511CD500FFA0F7 /* SquallywoodNew.app */ = {isa = PBXFileReference; explicitFileType = wrapper.application; includeInIndex = 0; path = SquallywoodNew.app; sourceTree = BUILT_PRODUCTS_DIR; };
		7FA5716D2F511CD700FFA0F7 /* SquallywoodNewTests.xctest */ = {isa = PBXFileReference; explicitFileType = wrapper.cfbundle; includeInIndex = 0; path = SquallywoodNewTests.xctest; sourceTree = BUILT_PRODUCTS_DIR; };
		7FA571772F511CD700FFA0F7 /* SquallywoodNewUITests.xctest */ = {isa = PBXFileReference; explicitFileType = wrapper.cfbundle; includeInIndex = 0; path = SquallywoodNewUITests.xctest; sourceTree = BUILT_PRODUCTS_DIR; };
/* End PBXFileReference section */

/* Begin PBXFileSystemSynchronizedRootGroup section */
		7FA571622F511CD500FFA0F7 /* SquallywoodNew */ = {
			isa = PBXFileSystemSynchronizedRootGroup;
			path = SquallywoodNew;
			sourceTree = "<group>";
		};
		7FA571702F511CD700FFA0F7 /* SquallywoodNewTests */ = {
			isa = PBXFileSystemSynchronizedRootGroup;
			path = SquallywoodNewTests;
			sourceTree = "<group>";
		};
		7FA5717A2F511CD700FFA0F7 /* SquallywoodNewUITests */ = {
			isa = PBXFileSystemSynchronizedRootGroup;
			path = SquallywoodNewUITests;
			sourceTree = "<group>";
		};
/* End PBXFileSystemSynchronizedRootGroup section */

/* Begin PBXFrameworksBuildPhase section */
		7FA5715D2F511CD500FFA0F7 /* Frameworks */ = {
			isa = PBXFrameworksBuildPhase;
			buildActionMask = 2147483647;
			files = (
				7F665BCF2F5123D90046995E /* PostgREST in Frameworks */,
				7F665BCD2F5123D90046995E /* Functions in Frameworks */,
				7F665BD52F5123D90046995E /* Supabase in Frameworks */,
				7F665BCB2F5123D80046995E /* Auth in Frameworks */,
				7F665BD32F5123D90046995E /* Storage in Frameworks */,
				7F665BD12F5123D90046995E /* Realtime in Frameworks */,
			);
			runOnlyForDeploymentPostprocessing = 0;
		};
		7FA5716A2F511CD700FFA0F7 /* Frameworks */ = {
			isa = PBXFrameworksBuildPhase;
			buildActionMask = 2147483647;
			files = (
			);
			runOnlyForDeploymentPostprocessing = 0;
		};
		7FA571742F511CD700FFA0F7 /* Frameworks */ = {
			isa = PBXFrameworksBuildPhase;
			buildActionMask = 2147483647;
			files = (
			);
			runOnlyForDeploymentPostprocessing = 0;
		};
/* End PBXFrameworksBuildPhase section */

/* Begin PBXGroup section */
		7FA571572F511CD500FFA0F7 = {
			isa = PBXGroup;
			children = (
				7FA571622F511CD500FFA0F7 /* SquallywoodNew */,
				7FA571702F511CD700FFA0F7 /* SquallywoodNewTests */,
				7FA5717A2F511CD700FFA0F7 /* SquallywoodNewUITests */,
				7FA571612F511CD500FFA0F7 /* Products */,
			);
			sourceTree = "<group>";
		};
		7FA571612F511CD500FFA0F7 /* Products */ = {
			isa = PBXGroup;
			children = (
				7FA571602F511CD500FFA0F7 /* SquallywoodNew.app */,
				7FA5716D2F511CD700FFA0F7 /* SquallywoodNewTests.xctest */,
				7FA571772F511CD700FFA0F7 /* SquallywoodNewUITests.xctest */,
			);
			name = Products;
			sourceTree = "<group>";
		};
/* End PBXGroup section */

/* Begin PBXNativeTarget section */
		7FA5715F2F511CD500FFA0F7 /* SquallywoodNew */ = {
			isa = PBXNativeTarget;
			buildConfigurationList = 7FA571812F511CD700FFA0F7 /* Build configuration list for PBXNativeTarget "SquallywoodNew" */;
			buildPhases = (
				7FA5715C2F511CD500FFA0F7 /* Sources */,
				7FA5715D2F511CD500FFA0F7 /* Frameworks */,
				7FA5715E2F511CD500FFA0F7 /* Resources */,
			);
			buildRules = (
			);
			dependencies = (
			);
			fileSystemSynchronizedGroups = (
				7FA571622F511CD500FFA0F7 /* SquallywoodNew */,
			);
			name = SquallywoodNew;
			packageProductDependencies = (
				7F665BCA2F5123D80046995E /* Auth */,
				7F665BCC2F5123D90046995E /* Functions */,
				7F665BCE2F5123D90046995E /* PostgREST */,
				7F665BD02F5123D90046995E /* Realtime */,
				7F665BD22F5123D90046995E /* Storage */,
				7F665BD42F5123D90046995E /* Supabase */,
			);
			productName = SquallywoodNew;
			productReference = 7FA571602F511CD500FFA0F7 /* SquallywoodNew.app */;
			productType = "com.apple.product-type.application";
		};
		7FA5716C2F511CD700FFA0F7 /* SquallywoodNewTests */ = {
			isa = PBXNativeTarget;
			buildConfigurationList = 7FA571842F511CD700FFA0F7 /* Build configuration list for PBXNativeTarget "SquallywoodNewTests" */;
			buildPhases = (
				7FA571692F511CD700FFA0F7 /* Sources */,
				7FA5716A2F511CD700FFA0F7 /* Frameworks */,
				7FA5716B2F511CD700FFA0F7 /* Resources */,
			);
			buildRules = (
			);
			dependencies = (
				7FA5716F2F511CD700FFA0F7 /* PBXTargetDependency */,
			);
			fileSystemSynchronizedGroups = (
				7FA571702F511CD700FFA0F7 /* SquallywoodNewTests */,
			);
			name = SquallywoodNewTests;
			packageProductDependencies = (
			);
			productName = SquallywoodNewTests;
			productReference = 7FA5716D2F511CD700FFA0F7 /* SquallywoodNewTests.xctest */;
			productType = "com.apple.product-type.bundle.unit-test";
		};
		7FA571762F511CD700FFA0F7 /* SquallywoodNewUITests */ = {
			isa = PBXNativeTarget;
			buildConfigurationList = 7FA571872F511CD700FFA0F7 /* Build configuration list for PBXNativeTarget "SquallywoodNewUITests" */;
			buildPhases = (
				7FA571732F511CD700FFA0F7 /* Sources */,
				7FA571742F511CD700FFA0F7 /* Frameworks */,
				7FA571752F511CD700FFA0F7 /* Resources */,
			);
			buildRules = (
			);
			dependencies = (
				7FA571792F511CD700FFA0F7 /* PBXTargetDependency */,
			);
			fileSystemSynchronizedGroups = (
				7FA5717A2F511CD700FFA0F7 /* SquallywoodNewUITests */,
			);
			name = SquallywoodNewUITests;
			packageProductDependencies = (
			);
			productName = SquallywoodNewUITests;
			productReference = 7FA571772F511CD700FFA0F7 /* SquallywoodNewUITests.xctest */;
			productType = "com.apple.product-type.bundle.ui-testing";
		};
/* End PBXNativeTarget section */

/* Begin PBXProject section */
		7FA571582F511CD500FFA0F7 /* Project object */ = {
			isa = PBXProject;
			attributes = {
				BuildIndependentTargetsInParallel = 1;
				LastSwiftUpdateCheck = 1640;
				LastUpgradeCheck = 1640;
				TargetAttributes = {
					7FA5715F2F511CD500FFA0F7 = {
						CreatedOnToolsVersion = 16.4;
					};
					7FA5716C2F511CD700FFA0F7 = {
						CreatedOnToolsVersion = 16.4;
						TestTargetID = 7FA5715F2F511CD500FFA0F7;
					};
					7FA571762F511CD700FFA0F7 = {
						CreatedOnToolsVersion = 16.4;
						TestTargetID = 7FA5715F2F511CD500FFA0F7;
					};
				};
			};
			buildConfigurationList = 7FA5715B2F511CD500FFA0F7 /* Build configuration list for PBXProject "SquallywoodNew" */;
			developmentRegion = en;
			hasScannedForEncodings = 0;
			knownRegions = (
				en,
				Base,
			);
			mainGroup = 7FA571572F511CD500FFA0F7;
			minimizedProjectReferenceProxies = 1;
			packageReferences = (
				7F665BC92F5123D80046995E /* XCRemoteSwiftPackageReference "supabase-swift" */,
			);
			preferredProjectObjectVersion = 77;
			productRefGroup = 7FA571612F511CD500FFA0F7 /* Products */;
			projectDirPath = "";
			projectRoot = "";
			targets = (
				7FA5715F2F511CD500FFA0F7 /* SquallywoodNew */,
				7FA5716C2F511CD700FFA0F7 /* SquallywoodNewTests */,
				7FA571762F511CD700FFA0F7 /* SquallywoodNewUITests */,
			);
		};
/* End PBXProject section */

/* Begin PBXResourcesBuildPhase section */
		7FA5715E2F511CD500FFA0F7 /* Resources */ = {
			isa = PBXResourcesBuildPhase;
			buildActionMask = 2147483647;
			files = (
			);
			runOnlyForDeploymentPostprocessing = 0;
		};
		7FA5716B2F511CD700FFA0F7 /* Resources */ = {
			isa = PBXResourcesBuildPhase;
			buildActionMask = 2147483647;
			files = (
			);
			runOnlyForDeploymentPostprocessing = 0;
		};
		7FA571752F511CD700FFA0F7 /* Resources */ = {
			isa = PBXResourcesBuildPhase;
			buildActionMask = 2147483647;
			files = (
			);
			runOnlyForDeploymentPostprocessing = 0;
		};
/* End PBXResourcesBuildPhase section */

/* Begin PBXSourcesBuildPhase section */
		7FA5715C2F511CD500FFA0F7 /* Sources */ = {
			isa = PBXSourcesBuildPhase;
			buildActionMask = 2147483647;
			files = (
			);
			runOnlyForDeploymentPostprocessing = 0;
		};
		7FA571692F511CD700FFA0F7 /* Sources */ = {
			isa = PBXSourcesBuildPhase;
			buildActionMask = 2147483647;
			files = (
			);
			runOnlyForDeploymentPostprocessing = 0;
		};
		7FA571732F511CD700FFA0F7 /* Sources */ = {
			isa = PBXSourcesBuildPhase;
			buildActionMask = 2147483647;
			files = (
			);
			runOnlyForDeploymentPostprocessing = 0;
		};
/* End PBXSourcesBuildPhase section */

/* Begin PBXTargetDependency section */
		7FA5716F2F511CD700FFA0F7 /* PBXTargetDependency */ = {
			isa = PBXTargetDependency;
			target = 7FA5715F2F511CD500FFA0F7 /* SquallywoodNew */;
			targetProxy = 7FA5716E2F511CD700FFA0F7 /* PBXContainerItemProxy */;
		};
		7FA571792F511CD700FFA0F7 /* PBXTargetDependency */ = {
			isa = PBXTargetDependency;
			target = 7FA5715F2F511CD500FFA0F7 /* SquallywoodNew */;
			targetProxy = 7FA571782F511CD700FFA0F7 /* PBXContainerItemProxy */;
		};
/* End PBXTargetDependency section */

/* Begin XCBuildConfiguration section */
		7FA5717F2F511CD700FFA0F7 /* Debug */ = {
			isa = XCBuildConfiguration;
			buildSettings = {
				ALWAYS_SEARCH_USER_PATHS = NO;
				ASSETCATALOG_COMPILER_GENERATE_SWIFT_ASSET_SYMBOL_EXTENSIONS = YES;
				CLANG_ANALYZER_NONNULL = YES;
				CLANG_ANALYZER_NUMBER_OBJECT_CONVERSION = YES_AGGRESSIVE;
				CLANG_CXX_LANGUAGE_STANDARD = "gnu++20";
				CLANG_ENABLE_MODULES = YES;
				CLANG_ENABLE_OBJC_ARC = YES;
				CLANG_ENABLE_OBJC_WEAK = YES;
				CLANG_WARN_BLOCK_CAPTURE_AUTORELEASING = YES;
				CLANG_WARN_BOOL_CONVERSION = YES;
				CLANG_WARN_COMMA = YES;
				CLANG_WARN_CONSTANT_CONVERSION = YES;
				CLANG_WARN_DEPRECATED_OBJC_IMPLEMENTATIONS = YES;
				CLANG_WARN_DIRECT_OBJC_ISA_USAGE = YES_ERROR;
				CLANG_WARN_DOCUMENTATION_COMMENTS = YES;
				CLANG_WARN_EMPTY_BODY = YES;
				CLANG_WARN_ENUM_CONVERSION = YES;
				CLANG_WARN_INFINITE_RECURSION = YES;
				CLANG_WARN_INT_CONVERSION = YES;
				CLANG_WARN_NON_LITERAL_NULL_CONVERSION = YES;
				CLANG_WARN_OBJC_IMPLICIT_RETAIN_SELF = YES;
				CLANG_WARN_OBJC_LITERAL_CONVERSION = YES;
				CLANG_WARN_OBJC_ROOT_CLASS = YES_ERROR;
				CLANG_WARN_QUOTED_INCLUDE_IN_FRAMEWORK_HEADER = YES;
				CLANG_WARN_RANGE_LOOP_ANALYSIS = YES;
				CLANG_WARN_STRICT_PROTOTYPES = YES;
				CLANG_WARN_SUSPICIOUS_MOVE = YES;
				CLANG_WARN_UNGUARDED_AVAILABILITY = YES_AGGRESSIVE;
				CLANG_WARN_UNREACHABLE_CODE = YES;
				CLANG_WARN__DUPLICATE_METHOD_MATCH = YES;
				COPY_PHASE_STRIP = NO;
				DEBUG_INFORMATION_FORMAT = dwarf;
				DEVELOPMENT_TEAM = 8X6JK4CQJK;
				ENABLE_STRICT_OBJC_MSGSEND = YES;
				ENABLE_TESTABILITY = YES;
				ENABLE_USER_SCRIPT_SANDBOXING = YES;
				GCC_C_LANGUAGE_STANDARD = gnu17;
				GCC_DYNAMIC_NO_PIC = NO;
				GCC_NO_COMMON_BLOCKS = YES;
				GCC_OPTIMIZATION_LEVEL = 0;
				GCC_PREPROCESSOR_DEFINITIONS = (
					"DEBUG=1",
					"$(inherited)",
				);
				GCC_WARN_64_TO_32_BIT_CONVERSION = YES;
				GCC_WARN_ABOUT_RETURN_TYPE = YES_ERROR;
				GCC_WARN_UNDECLARED_SELECTOR = YES;
				GCC_WARN_UNINITIALIZED_AUTOS = YES_AGGRESSIVE;
				GCC_WARN_UNUSED_FUNCTION = YES;
				GCC_WARN_UNUSED_VARIABLE = YES;
				IPHONEOS_DEPLOYMENT_TARGET = 18.5;
				LOCALIZATION_PREFERS_STRING_CATALOGS = YES;
				MTL_ENABLE_DEBUG_INFO = INCLUDE_SOURCE;
				MTL_FAST_MATH = YES;
				ONLY_ACTIVE_ARCH = YES;
				SDKROOT = iphoneos;
				SWIFT_ACTIVE_COMPILATION_CONDITIONS = "DEBUG $(inherited)";
				SWIFT_OPTIMIZATION_LEVEL = "-Onone";
			};
			name = Debug;
		};
		7FA571802F511CD700FFA0F7 /* Release */ = {
			isa = XCBuildConfiguration;
			buildSettings = {
				ALWAYS_SEARCH_USER_PATHS = NO;
				ASSETCATALOG_COMPILER_GENERATE_SWIFT_ASSET_SYMBOL_EXTENSIONS = YES;
				CLANG_ANALYZER_NONNULL = YES;
				CLANG_ANALYZER_NUMBER_OBJECT_CONVERSION = YES_AGGRESSIVE;
				CLANG_CXX_LANGUAGE_STANDARD = "gnu++20";
				CLANG_ENABLE_MODULES = YES;
				CLANG_ENABLE_OBJC_ARC = YES;
				CLANG_ENABLE_OBJC_WEAK = YES;
				CLANG_WARN_BLOCK_CAPTURE_AUTORELEASING = YES;
				CLANG_WARN_BOOL_CONVERSION = YES;
				CLANG_WARN_COMMA = YES;
				CLANG_WARN_CONSTANT_CONVERSION = YES;
				CLANG_WARN_DEPRECATED_OBJC_IMPLEMENTATIONS = YES;
				CLANG_WARN_DIRECT_OBJC_ISA_USAGE = YES_ERROR;
				CLANG_WARN_DOCUMENTATION_COMMENTS = YES;
				CLANG_WARN_EMPTY_BODY = YES;
				CLANG_WARN_ENUM_CONVERSION = YES;
				CLANG_WARN_INFINITE_RECURSION = YES;
				CLANG_WARN_INT_CONVERSION = YES;
				CLANG_WARN_NON_LITERAL_NULL_CONVERSION = YES;
				CLANG_WARN_OBJC_IMPLICIT_RETAIN_SELF = YES;
				CLANG_WARN_OBJC_LITERAL_CONVERSION = YES;
				CLANG_WARN_OBJC_ROOT_CLASS = YES_ERROR;
				CLANG_WARN_QUOTED_INCLUDE_IN_FRAMEWORK_HEADER = YES;
				CLANG_WARN_RANGE_LOOP_ANALYSIS = YES;
				CLANG_WARN_STRICT_PROTOTYPES = YES;
				CLANG_WARN_SUSPICIOUS_MOVE = YES;
				CLANG_WARN_UNGUARDED_AVAILABILITY = YES_AGGRESSIVE;
				CLANG_WARN_UNREACHABLE_CODE = YES;
				CLANG_WARN__DUPLICATE_METHOD_MATCH = YES;
				COPY_PHASE_STRIP = NO;
				DEBUG_INFORMATION_FORMAT = "dwarf-with-dsym";
				DEVELOPMENT_TEAM = 8X6JK4CQJK;
				ENABLE_NS_ASSERTIONS = NO;
				ENABLE_STRICT_OBJC_MSGSEND = YES;
				ENABLE_USER_SCRIPT_SANDBOXING = YES;
				GCC_C_LANGUAGE_STANDARD = gnu17;
				GCC_NO_COMMON_BLOCKS = YES;
				GCC_WARN_64_TO_32_BIT_CONVERSION = YES;
				GCC_WARN_ABOUT_RETURN_TYPE = YES_ERROR;
				GCC_WARN_UNDECLARED_SELECTOR = YES;
				GCC_WARN_UNINITIALIZED_AUTOS = YES_AGGRESSIVE;
				GCC_WARN_UNUSED_FUNCTION = YES;
				GCC_WARN_UNUSED_VARIABLE = YES;
				IPHONEOS_DEPLOYMENT_TARGET = 18.5;
				LOCALIZATION_PREFERS_STRING_CATALOGS = YES;
				MTL_ENABLE_DEBUG_INFO = NO;
				MTL_FAST_MATH = YES;
				SDKROOT = iphoneos;
				SWIFT_COMPILATION_MODE = wholemodule;
				VALIDATE_PRODUCT = YES;
			};
			name = Release;
		};
		7FA571822F511CD700FFA0F7 /* Debug */ = {
			isa = XCBuildConfiguration;
			buildSettings = {
				ASSETCATALOG_COMPILER_APPICON_NAME = AppIcon;
				ASSETCATALOG_COMPILER_GLOBAL_ACCENT_COLOR_NAME = AccentColor;
				CODE_SIGN_STYLE = Automatic;
				CURRENT_PROJECT_VERSION = 1;
				DEVELOPMENT_TEAM = 8X6JK4CQJK;
				ENABLE_PREVIEWS = YES;
				GENERATE_INFOPLIST_FILE = YES;
				INFOPLIST_KEY_UIApplicationSceneManifest_Generation = YES;
				INFOPLIST_KEY_UIApplicationSupportsIndirectInputEvents = YES;
				INFOPLIST_KEY_UILaunchScreen_Generation = YES;
				INFOPLIST_KEY_UISupportedInterfaceOrientations_iPad = "UIInterfaceOrientationPortrait UIInterfaceOrientationPortraitUpsideDown UIInterfaceOrientationLandscapeLeft UIInterfaceOrientationLandscapeRight";
				INFOPLIST_KEY_UISupportedInterfaceOrientations_iPhone = "UIInterfaceOrientationPortrait UIInterfaceOrientationLandscapeLeft UIInterfaceOrientationLandscapeRight";
				LD_RUNPATH_SEARCH_PATHS = (
					"$(inherited)",
					"@executable_path/Frameworks",
				);
				MARKETING_VERSION = 1.0;
				PRODUCT_BUNDLE_IDENTIFIER = Thrage.SquallywoodNew;
				PRODUCT_NAME = "$(TARGET_NAME)";
				SWIFT_EMIT_LOC_STRINGS = YES;
				SWIFT_VERSION = 5.0;
				TARGETED_DEVICE_FAMILY = "1,2";
			};
			name = Debug;
		};
		7FA571832F511CD700FFA0F7 /* Release */ = {
			isa = XCBuildConfiguration;
			buildSettings = {
				ASSETCATALOG_COMPILER_APPICON_NAME = AppIcon;
				ASSETCATALOG_COMPILER_GLOBAL_ACCENT_COLOR_NAME = AccentColor;
				CODE_SIGN_STYLE = Automatic;
				CURRENT_PROJECT_VERSION = 1;
				DEVELOPMENT_TEAM = 8X6JK4CQJK;
				ENABLE_PREVIEWS = YES;
				GENERATE_INFOPLIST_FILE = YES;
				INFOPLIST_KEY_UIApplicationSceneManifest_Generation = YES;
				INFOPLIST_KEY_UIApplicationSupportsIndirectInputEvents = YES;
				INFOPLIST_KEY_UILaunchScreen_Generation = YES;
				INFOPLIST_KEY_UISupportedInterfaceOrientations_iPad = "UIInterfaceOrientationPortrait UIInterfaceOrientationPortraitUpsideDown UIInterfaceOrientationLandscapeLeft UIInterfaceOrientationLandscapeRight";
				INFOPLIST_KEY_UISupportedInterfaceOrientations_iPhone = "UIInterfaceOrientationPortrait UIInterfaceOrientationLandscapeLeft UIInterfaceOrientationLandscapeRight";
				LD_RUNPATH_SEARCH_PATHS = (
					"$(inherited)",
					"@executable_path/Frameworks",
				);
				MARKETING_VERSION = 1.0;
				PRODUCT_BUNDLE_IDENTIFIER = Thrage.SquallywoodNew;
				PRODUCT_NAME = "$(TARGET_NAME)";
				SWIFT_EMIT_LOC_STRINGS = YES;
				SWIFT_VERSION = 5.0;
				TARGETED_DEVICE_FAMILY = "1,2";
			};
			name = Release;
		};
		7FA571852F511CD700FFA0F7 /* Debug */ = {
			isa = XCBuildConfiguration;
			buildSettings = {
				BUNDLE_LOADER = "$(TEST_HOST)";
				CODE_SIGN_STYLE = Automatic;
				CURRENT_PROJECT_VERSION = 1;
				DEVELOPMENT_TEAM = 8X6JK4CQJK;
				GENERATE_INFOPLIST_FILE = YES;
				IPHONEOS_DEPLOYMENT_TARGET = 18.5;
				MARKETING_VERSION = 1.0;
				PRODUCT_BUNDLE_IDENTIFIER = Thrage.SquallywoodNewTests;
				PRODUCT_NAME = "$(TARGET_NAME)";
				SWIFT_EMIT_LOC_STRINGS = NO;
				SWIFT_VERSION = 5.0;
				TARGETED_DEVICE_FAMILY = "1,2";
				TEST_HOST = "$(BUILT_PRODUCTS_DIR)/SquallywoodNew.app/$(BUNDLE_EXECUTABLE_FOLDER_PATH)/SquallywoodNew";
			};
			name = Debug;
		};
		7FA571862F511CD700FFA0F7 /* Release */ = {
			isa = XCBuildConfiguration;
			buildSettings = {
				BUNDLE_LOADER = "$(TEST_HOST)";
				CODE_SIGN_STYLE = Automatic;
				CURRENT_PROJECT_VERSION = 1;
				DEVELOPMENT_TEAM = 8X6JK4CQJK;
				GENERATE_INFOPLIST_FILE = YES;
				IPHONEOS_DEPLOYMENT_TARGET = 18.5;
				MARKETING_VERSION = 1.0;
				PRODUCT_BUNDLE_IDENTIFIER = Thrage.SquallywoodNewTests;
				PRODUCT_NAME = "$(TARGET_NAME)";
				SWIFT_EMIT_LOC_STRINGS = NO;
				SWIFT_VERSION = 5.0;
				TARGETED_DEVICE_FAMILY = "1,2";
				TEST_HOST = "$(BUILT_PRODUCTS_DIR)/SquallywoodNew.app/$(BUNDLE_EXECUTABLE_FOLDER_PATH)/SquallywoodNew";
			};
			name = Release;
		};
		7FA571882F511CD700FFA0F7 /* Debug */ = {
			isa = XCBuildConfiguration;
			buildSettings = {
				CODE_SIGN_STYLE = Automatic;
				CURRENT_PROJECT_VERSION = 1;
				DEVELOPMENT_TEAM = 8X6JK4CQJK;
				GENERATE_INFOPLIST_FILE = YES;
				MARKETING_VERSION = 1.0;
				PRODUCT_BUNDLE_IDENTIFIER = Thrage.SquallywoodNewUITests;
				PRODUCT_NAME = "$(TARGET_NAME)";
				SWIFT_EMIT_LOC_STRINGS = NO;
				SWIFT_VERSION = 5.0;
				TARGETED_DEVICE_FAMILY = "1,2";
				TEST_TARGET_NAME = SquallywoodNew;
			};
			name = Debug;
		};
		7FA571892F511CD700FFA0F7 /* Release */ = {
			isa = XCBuildConfiguration;
			buildSettings = {
				CODE_SIGN_STYLE = Automatic;
				CURRENT_PROJECT_VERSION = 1;
				DEVELOPMENT_TEAM = 8X6JK4CQJK;
				GENERATE_INFOPLIST_FILE = YES;
				MARKETING_VERSION = 1.0;
				PRODUCT_BUNDLE_IDENTIFIER = Thrage.SquallywoodNewUITests;
				PRODUCT_NAME = "$(TARGET_NAME)";
				SWIFT_EMIT_LOC_STRINGS = NO;
				SWIFT_VERSION = 5.0;
				TARGETED_DEVICE_FAMILY = "1,2";
				TEST_TARGET_NAME = SquallywoodNew;
			};
			name = Release;
		};
/* End XCBuildConfiguration section */

/* Begin XCConfigurationList section */
		7FA5715B2F511CD500FFA0F7 /* Build configuration list for PBXProject "SquallywoodNew" */ = {
			isa = XCConfigurationList;
			buildConfigurations = (
				7FA5717F2F511CD700FFA0F7 /* Debug */,
				7FA571802F511CD700FFA0F7 /* Release */,
			);
			defaultConfigurationIsVisible = 0;
			defaultConfigurationName = Release;
		};
		7FA571812F511CD700FFA0F7 /* Build configuration list for PBXNativeTarget "SquallywoodNew" */ = {
			isa = XCConfigurationList;
			buildConfigurations = (
				7FA571822F511CD700FFA0F7 /* Debug */,
				7FA571832F511CD700FFA0F7 /* Release */,
			);
			defaultConfigurationIsVisible = 0;
			defaultConfigurationName = Release;
		};
		7FA571842F511CD700FFA0F7 /* Build configuration list for PBXNativeTarget "SquallywoodNewTests" */ = {
			isa = XCConfigurationList;
			buildConfigurations = (
				7FA571852F511CD700FFA0F7 /* Debug */,
				7FA571862F511CD700FFA0F7 /* Release */,
			);
			defaultConfigurationIsVisible = 0;
			defaultConfigurationName = Release;
		};
		7FA571872F511CD700FFA0F7 /* Build configuration list for PBXNativeTarget "SquallywoodNewUITests" */ = {
			isa = XCConfigurationList;
			buildConfigurations = (
				7FA571882F511CD700FFA0F7 /* Debug */,
				7FA571892F511CD700FFA0F7 /* Release */,
			);
			defaultConfigurationIsVisible = 0;
			defaultConfigurationName = Release;
		};
/* End XCConfigurationList section */

/* Begin XCRemoteSwiftPackageReference section */
		7F665BC92F5123D80046995E /* XCRemoteSwiftPackageReference "supabase-swift" */ = {
			isa = XCRemoteSwiftPackageReference;
			repositoryURL = "https://github.com/supabase/supabase-swift";
			requirement = {
				kind = upToNextMajorVersion;
				minimumVersion = 2.5.1;
			};
		};
/* End XCRemoteSwiftPackageReference section */

/* Begin XCSwiftPackageProductDependency section */
		7F665BCA2F5123D80046995E /* Auth */ = {
			isa = XCSwiftPackageProductDependency;
			package = 7F665BC92F5123D80046995E /* XCRemoteSwiftPackageReference "supabase-swift" */;
			productName = Auth;
		};
		7F665BCC2F5123D90046995E /* Functions */ = {
			isa = XCSwiftPackageProductDependency;
			package = 7F665BC92F5123D80046995E /* XCRemoteSwiftPackageReference "supabase-swift" */;
			productName = Functions;
		};
		7F665BCE2F5123D90046995E /* PostgREST */ = {
			isa = XCSwiftPackageProductDependency;
			package = 7F665BC92F5123D80046995E /* XCRemoteSwiftPackageReference "supabase-swift" */;
			productName = PostgREST;
		};
		7F665BD02F5123D90046995E /* Realtime */ = {
			isa = XCSwiftPackageProductDependency;
			package = 7F665BC92F5123D80046995E /* XCRemoteSwiftPackageReference "supabase-swift" */;
			productName = Realtime;
		};
		7F665BD22F5123D90046995E /* Storage */ = {
			isa = XCSwiftPackageProductDependency;
			package = 7F665BC92F5123D80046995E /* XCRemoteSwiftPackageReference "supabase-swift" */;
			productName = Storage;
		};
		7F665BD42F5123D90046995E /* Supabase */ = {
			isa = XCSwiftPackageProductDependency;
			package = 7F665BC92F5123D80046995E /* XCRemoteSwiftPackageReference "supabase-swift" */;
			productName = Supabase;
		};
/* End XCSwiftPackageProductDependency section */
	};
	rootObject = 7FA571582F511CD500FFA0F7 /* Project object */;
}
